
Microsoft Visual Studio Solution File, Format Version 12.00
# Visual Studio Version 16
VisualStudioVersion = 16.0.31515.178
MinimumVisualStudioVersion = 10.0.40219.1
Project("{FAE04EC0-301F-11D3-BF4B-00C04F79EFBC}") = "task1", "task1\task1.csproj", "{6AACD2E0-C0F8-4F5C-8AFF-861B8510E9E9}"
EndProject
Global
	GlobalSection(SolutionConfigurationPlatforms) = preSolution
		Debug|Any CPU = Debug|Any CPU
		Release|Any CPU = Release|Any CPU
	EndGlobalSection
	GlobalSection(ProjectConfigurationPlatforms) = postSolution
		{6AACD2E0-C0F8-4F5C-8AFF-861B8510E9E9}.Debug|Any CPU.ActiveCfg = Debug|Any CPU
		{6AACD2E0-C0F8-4F5C-8AFF-861B8510E9E9}.Debug|Any CPU.Build.0 = Debug|Any CPU
		{6AACD2E0-C0F8-4F5C-8AFF-861B8510E9E9}.Release|Any CPU.ActiveCfg = Release|Any CPU
		{6AACD2E0-C0F8-4F5C-8AFF-861B8510E9E9}.Release|Any CPU.Build.0 = Release|Any CPU
	EndGlobalSection
	GlobalSection(SolutionProperties) = preSolution
		HideSolutionNode = FALSE
	EndGlobalSection
	GlobalSection(ExtensibilityGlobals) = postSolution
		SolutionGuid = {D2BA3D4F-6DAF-4F44-9139-7AE8C0936790}
	EndGlobalSection
EndGlobal
